
Microsoft Visual Studio Solution File, Format Version 12.00
# Visual Studio Version 17
VisualStudioVersion = 17.3.32901.215
MinimumVisualStudioVersion = 10.0.40219.1
Project("{FAE04EC0-301F-11D3-BF4B-00C04F79EFBC}") = "csharp-boolflix", "csharp-boolflix.csproj", "{FAA99647-BF89-49DA-801C-B3754AED5A0C}"
EndProject
Global
	GlobalSection(SolutionConfigurationPlatforms) = preSolution
		Debug|Any CPU = Debug|Any CPU
		Release|Any CPU = Release|Any CPU
	EndGlobalSection
	GlobalSection(ProjectConfigurationPlatforms) = postSolution
		{FAA99647-BF89-49DA-801C-B3754AED5A0C}.Debug|Any CPU.ActiveCfg = Debug|Any CPU
		{FAA99647-BF89-49DA-801C-B3754AED5A0C}.Debug|Any CPU.Build.0 = Debug|Any CPU
		{FAA99647-BF89-49DA-801C-B3754AED5A0C}.Release|Any CPU.ActiveCfg = Release|Any CPU
		{FAA99647-BF89-49DA-801C-B3754AED5A0C}.Release|Any CPU.Build.0 = Release|Any CPU
	EndGlobalSection
	GlobalSection(SolutionProperties) = preSolution
		HideSolutionNode = FALSE
	EndGlobalSection
	GlobalSection(ExtensibilityGlobals) = postSolution
		SolutionGuid = {E7B646FD-3FE0-4743-ABC0-DF7B5407DDE3}
	EndGlobalSection
EndGlobal
